// !$*UTF8*$!
{
	archiveVersion = 1;
	classes = {
	};
	objectVersion = 56;
	objects = {

/* Begin PBXBuildFile section */
		01403D4ADB9942FC83FAEF53 /* ChildrenService.swift in Sources */ = {isa = PBXBuildFile; fileRef = E71F7E2C2D30421BA8D27153 /* ChildrenService.swift */; };
		14DB14389705B87BAAF668B7 /* Foundation.framework in Frameworks */ = {isa = PBXBuildFile; fileRef = E62604755C7C54F51015EDD6 /* Foundation.framework */; };
		1809A09D420325C2663496BB /* SmokeTests.swift in Sources */ = {isa = PBXBuildFile; fileRef = F8F58B399C76BAC459644DC5 /* SmokeTests.swift */; };
		184D22FF391641EF99ABE3BF /* FilterTypes.swift in Sources */ = {isa = PBXBuildFile; fileRef = 88988B6FC9EC4D41BB7F24B2 /* FilterTypes.swift */; };
		4BDFBCE5DA754313AA01BD01 /* ModernMainTabView.swift in Sources */ = {isa = PBXBuildFile; fileRef = 3D9535523DCC48A3AB5A1047 /* ModernMainTabView.swift */; };
		4C886F1669F248A4AEF22CEC /* User.swift in Sources */ = {isa = PBXBuildFile; fileRef = C17EA7FAFA8146ABAFF2B109 /* User.swift */; };
		5E8B145A73664974BA65B82E /* EventsService.swift in Sources */ = {isa = PBXBuildFile; fileRef = BDEDCA459CB047E58FF4843E /* EventsService.swift */; };
		643654AD96B049078D424965 /* UserProfile.swift in Sources */ = {isa = PBXBuildFile; fileRef = E1035273F76B4E6DBB93CFE6 /* UserProfile.swift */; };
		66F4B4F1A8E580602B676CCD /* OnboardingView.swift in Sources */ = {isa = PBXBuildFile; fileRef = DCB8E6B73FE0AF6E3B3C3623 /* OnboardingView.swift */; };
		740587052FA7410FB24A7E1C /* DocumentsService.swift in Sources */ = {isa = PBXBuildFile; fileRef = DAECDFBF276149AB9F9721D9 /* DocumentsService.swift */; };
		8A4E4F98F2243549F8D69676 /* ProfileEditSheet.swift in Sources */ = {isa = PBXBuildFile; fileRef = 6FE778C15A17FF3D7D98A8AA /* ProfileEditSheet.swift */; };
		0BEA0000000000000000B001 /* OverlaysView.swift in Sources */ = {isa = PBXBuildFile; fileRef = 0BEA0000000000000000A001 /* OverlaysView.swift */; };
		9AA203C3B66C5006556B8C9D /* MessagesView.swift in Sources */ = {isa = PBXBuildFile; fileRef = 6A8416F13EB001C3DD89677E /* MessagesView.swift */; };
		9AC23C1599CB4C42A03957F9 /* DateFormatters.swift in Sources */ = {isa = PBXBuildFile; fileRef = 697B6B89AEA94E46A045168A /* DateFormatters.swift */; };
		A1234567890123456789012A /* ManounouApp.swift in Sources */ = {isa = PBXBuildFile; fileRef = A1234567890123456789012B /* ManounouApp.swift */; };
		A1234567890123456789012C /* AuthenticationView.swift in Sources */ = {isa = PBXBuildFile; fileRef = A1234567890123456789012D /* AuthenticationView.swift */; };
		A1234567890123456789012E /* MainTabView.swift in Sources */ = {isa = PBXBuildFile; fileRef = A1234567890123456789012F /* MainTabView.swift */; };
		A1234567890123456789013A /* AuthManager.swift in Sources */ = {isa = PBXBuildFile; fileRef = A1234567890123456789013B /* AuthManager.swift */; };
		A1234567890123456789013C /* Config.swift in Sources */ = {isa = PBXBuildFile; fileRef = A1234567890123456789013D /* Config.swift */; };
		A1234567890123456789017A /* Supabase in Frameworks */ = {isa = PBXBuildFile; productRef = A1234567890123456789017B /* Supabase */; };
		BB08CFA2ECD41737AC94F3C4 /* PlanningView.swift in Sources */ = {isa = PBXBuildFile; fileRef = 5E7BFF3490B0ABD97225860D /* PlanningView.swift */; };
		BC2D81A14A184432B9140967 /* Event.swift in Sources */ = {isa = PBXBuildFile; fileRef = 7685EB3A06F041A691227F0F /* Event.swift */; };
		C0219D2662014A7E95089A66 /* Document.swift in Sources */ = {isa = PBXBuildFile; fileRef = 49F67538DF4F4E1E9AE20176 /* Document.swift */; };
		CE2884557AC545F0A2377954 /* CacheService.swift in Sources */ = {isa = PBXBuildFile; fileRef = EC538ACAB64D459FBAE0181C /* CacheService.swift */; };
		CEFDBD3A621049E1854982C9 /* ServiceProtocols.swift in Sources */ = {isa = PBXBuildFile; fileRef = 019A504BFAFD48AAA8528B08 /* ServiceProtocols.swift */; };
		CFBC6E81D1F64D79A34B02D1 /* SecureConfig.swift in Sources */ = {isa = PBXBuildFile; fileRef = 2F3B8D9B08B24E61A7DE195D /* SecureConfig.swift */; };
		D1FEC8AEE7D74BD2961AAF4D /* Theme.swift in Sources */ = {isa = PBXBuildFile; fileRef = AEEDA068899B44099C220EB6 /* Theme.swift */; };
		D9AF8D1FF3354058AD6829F8 /* ErrorHandling.swift in Sources */ = {isa = PBXBuildFile; fileRef = 35167E770DEC41C1B8B16613 /* ErrorHandling.swift */; };
		E4C56AB5106F4959BC5708D5 /* AppContainer.swift in Sources */ = {isa = PBXBuildFile; fileRef = 773CBC209D7A49F0BE33951D /* AppContainer.swift */; };
		E63C83CC80884719B485CE7E /* Child.swift in Sources */ = {isa = PBXBuildFile; fileRef = A8057B05F7FE437E828C34FC /* Child.swift */; };
		E85B164584534A9F84971D32 /* LogoView.swift in Sources */ = {isa = PBXBuildFile; fileRef = CE49886D7198483D89682462 /* LogoView.swift */; };
		E944AC1E9A2029DE2504B9AB /* ModernDocumentsView.swift in Sources */ = {isa = PBXBuildFile; fileRef = 2D6B814D18679E4184484CD1 /* ModernDocumentsView.swift */; };
		F0A1B2C3D4E5F60718293A4C /* Logger.swift in Sources */ = {isa = PBXBuildFile; fileRef = F0A1B2C3D4E5F60718293A4B /* Logger.swift */; };
		F2BA37EEE475441AABEB1BB3 /* AuthService.swift in Sources */ = {isa = PBXBuildFile; fileRef = 59332336662B40318442EA47 /* AuthService.swift */; };
		DD01000000000000000000A1 /* HomeView.swift in Sources */ = {isa = PBXBuildFile; fileRef = DD01000000000000000000B1 /* HomeView.swift */; };
		DD02000000000000000000A2 /* PajemploiView.swift in Sources */ = {isa = PBXBuildFile; fileRef = DD02000000000000000000B2 /* PajemploiView.swift */; };
		DD03000000000000000000A3 /* PajemploiDeclaration.swift in Sources */ = {isa = PBXBuildFile; fileRef = DD03000000000000000000B3 /* PajemploiDeclaration.swift */; };
		DD04000000000000000000A4 /* AddChildSheet.swift in Sources */ = {isa = PBXBuildFile; fileRef = DD04000000000000000000B4 /* AddChildSheet.swift */; };
		CC01000000000000000000A1 /* ProfilesService.swift in Sources */ = {isa = PBXBuildFile; fileRef = CC01000000000000000000B1 /* ProfilesService.swift */; };
		CC02000000000000000000A2 /* PlanningScheduleService.swift in Sources */ = {isa = PBXBuildFile; fileRef = CC02000000000000000000B2 /* PlanningScheduleService.swift */; };
		CC03000000000000000000A3 /* HouseholdService.swift in Sources */ = {isa = PBXBuildFile; fileRef = CC03000000000000000000B3 /* HouseholdService.swift */; };
		CC04000000000000000000A4 /* PlansService.swift in Sources */ = {isa = PBXBuildFile; fileRef = CC04000000000000000000B4 /* PlansService.swift */; };
/* End PBXBuildFile section */

/* Begin PBXContainerItemProxy section */
		37865E6E3444AEC562E0D0B3 /* PBXContainerItemProxy */ = {
			isa = PBXContainerItemProxy;
			containerPortal = A1234567890123456789015D /* Project object */;
			proxyType = 1;
			remoteGlobalIDString = A1234567890123456789014F;
			remoteInfo = Manounou;
		};
/* End PBXContainerItemProxy section */

/* Begin PBXFileReference section */
		019A504BFAFD48AAA8528B08 /* ServiceProtocols.swift */ = {isa = PBXFileReference; lastKnownFileType = sourcecode.swift; path = Manounou/Services/ServiceProtocols.swift; sourceTree = "<group>"; };
		24517F7365D21CB5418F5230 /* ManounouTests.xctest */ = {isa = PBXFileReference; explicitFileType = wrapper.cfbundle; includeInIndex = 0; name = ManounouTests.xctest; path = ManounouTests.xctest; sourceTree = BUILT_PRODUCTS_DIR; };
		2D6B814D18679E4184484CD1 /* ModernDocumentsView.swift */ = {isa = PBXFileReference; includeInIndex = 1; lastKnownFileType = sourcecode.swift; name = ModernDocumentsView.swift; path = Views/Documents/ModernDocumentsView.swift; sourceTree = "<group>"; };
		2F3B8D9B08B24E61A7DE195D /* SecureConfig.swift */ = {isa = PBXFileReference; lastKnownFileType = sourcecode.swift; path = Manounou/Utils/SecureConfig.swift; sourceTree = "<group>"; };
		35167E770DEC41C1B8B16613 /* ErrorHandling.swift */ = {isa = PBXFileReference; lastKnownFileType = sourcecode.swift; path = Manounou/Core/ErrorHandling.swift; sourceTree = "<group>"; };
		3D9535523DCC48A3AB5A1047 /* ModernMainTabView.swift */ = {isa = PBXFileReference; lastKnownFileType = sourcecode.swift; path = Manounou/Views/ModernMainTabView.swift; sourceTree = "<group>"; };
		49F67538DF4F4E1E9AE20176 /* Document.swift */ = {isa = PBXFileReference; lastKnownFileType = sourcecode.swift; path = Manounou/Models/Document.swift; sourceTree = "<group>"; };
		59332336662B40318442EA47 /* AuthService.swift */ = {isa = PBXFileReference; lastKnownFileType = sourcecode.swift; path = Manounou/Services/AuthService.swift; sourceTree = "<group>"; };
		5E7BFF3490B0ABD97225860D /* PlanningView.swift */ = {isa = PBXFileReference; includeInIndex = 1; lastKnownFileType = sourcecode.swift; name = PlanningView.swift; path = Views/Planning/PlanningView.swift; sourceTree = "<group>"; };
		697B6B89AEA94E46A045168A /* DateFormatters.swift */ = {isa = PBXFileReference; lastKnownFileType = sourcecode.swift; path = Manounou/Utils/DateFormatters.swift; sourceTree = "<group>"; };
		6A8416F13EB001C3DD89677E /* MessagesView.swift */ = {isa = PBXFileReference; includeInIndex = 1; lastKnownFileType = sourcecode.swift; name = MessagesView.swift; path = Views/Messages/MessagesView.swift; sourceTree = "<group>"; };
		6FE778C15A17FF3D7D98A8AA /* ProfileEditSheet.swift */ = {isa = PBXFileReference; includeInIndex = 1; lastKnownFileType = sourcecode.swift; name = ProfileEditSheet.swift; path = Views/Sheets/ProfileEditSheet.swift; sourceTree = "<group>"; };
		0BEA0000000000000000A001 /* OverlaysView.swift */ = {isa = PBXFileReference; includeInIndex = 1; lastKnownFileType = sourcecode.swift; name = OverlaysView.swift; path = Views/Sheets/OverlaysView.swift; sourceTree = "<group>"; };
		7685EB3A06F041A691227F0F /* Event.swift */ = {isa = PBXFileReference; lastKnownFileType = sourcecode.swift; path = Manounou/Models/Event.swift; sourceTree = "<group>"; };
		773CBC209D7A49F0BE33951D /* AppContainer.swift */ = {isa = PBXFileReference; lastKnownFileType = sourcecode.swift; path = Manounou/Core/AppContainer.swift; sourceTree = "<group>"; };
		88988B6FC9EC4D41BB7F24B2 /* FilterTypes.swift */ = {isa = PBXFileReference; lastKnownFileType = sourcecode.swift; path = Manounou/Models/FilterTypes.swift; sourceTree = "<group>"; };
		A1234567890123456789012B /* ManounouApp.swift */ = {isa = PBXFileReference; lastKnownFileType = sourcecode.swift; path = ManounouApp.swift; sourceTree = "<group>"; };
		A1234567890123456789012D /* AuthenticationView.swift */ = {isa = PBXFileReference; lastKnownFileType = sourcecode.swift; path = AuthenticationView.swift; sourceTree = "<group>"; };
		A1234567890123456789012F /* MainTabView.swift */ = {isa = PBXFileReference; lastKnownFileType = sourcecode.swift; path = MainTabView.swift; sourceTree = "<group>"; };
		A1234567890123456789013B /* AuthManager.swift */ = {isa = PBXFileReference; lastKnownFileType = sourcecode.swift; path = AuthManager.swift; sourceTree = "<group>"; };
		A1234567890123456789013D /* Config.swift */ = {isa = PBXFileReference; lastKnownFileType = sourcecode.swift; path = Config.swift; sourceTree = "<group>"; };
		A1234567890123456789014A /* Manounou.app */ = {isa = PBXFileReference; explicitFileType = wrapper.application; includeInIndex = 0; path = Manounou.app; sourceTree = BUILT_PRODUCTS_DIR; };
		A8057B05F7FE437E828C34FC /* Child.swift */ = {isa = PBXFileReference; lastKnownFileType = sourcecode.swift; path = Manounou/Models/Child.swift; sourceTree = "<group>"; };
		AEEDA068899B44099C220EB6 /* Theme.swift */ = {isa = PBXFileReference; lastKnownFileType = sourcecode.swift; path = Manounou/Core/Theme.swift; sourceTree = "<group>"; };
		BDEDCA459CB047E58FF4843E /* EventsService.swift */ = {isa = PBXFileReference; lastKnownFileType = sourcecode.swift; path = Manounou/Services/EventsService.swift; sourceTree = "<group>"; };
		C17EA7FAFA8146ABAFF2B109 /* User.swift */ = {isa = PBXFileReference; lastKnownFileType = sourcecode.swift; path = Manounou/Models/User.swift; sourceTree = "<group>"; };
		CE49886D7198483D89682462 /* LogoView.swift */ = {isa = PBXFileReference; lastKnownFileType = sourcecode.swift; path = Manounou/LogoView.swift; sourceTree = "<group>"; };
		DAECDFBF276149AB9F9721D9 /* DocumentsService.swift */ = {isa = PBXFileReference; lastKnownFileType = sourcecode.swift; path = Manounou/Services/DocumentsService.swift; sourceTree = "<group>"; };
		DCB8E6B73FE0AF6E3B3C3623 /* OnboardingView.swift */ = {isa = PBXFileReference; includeInIndex = 1; lastKnownFileType = sourcecode.swift; name = OnboardingView.swift; path = Views/Onboarding/OnboardingView.swift; sourceTree = "<group>"; };
		E1035273F76B4E6DBB93CFE6 /* UserProfile.swift */ = {isa = PBXFileReference; lastKnownFileType = sourcecode.swift; path = Manounou/Models/UserProfile.swift; sourceTree = "<group>"; };
		E62604755C7C54F51015EDD6 /* Foundation.framework */ = {isa = PBXFileReference; lastKnownFileType = wrapper.framework; name = Foundation.framework; path = Platforms/iPhoneOS.platform/Developer/SDKs/iPhoneOS18.0.sdk/System/Library/Frameworks/Foundation.framework; sourceTree = DEVELOPER_DIR; };
		E71F7E2C2D30421BA8D27153 /* ChildrenService.swift */ = {isa = PBXFileReference; lastKnownFileType = sourcecode.swift; path = Manounou/Services/ChildrenService.swift; sourceTree = "<group>"; };
		EC538ACAB64D459FBAE0181C /* CacheService.swift */ = {isa = PBXFileReference; lastKnownFileType = sourcecode.swift; path = Manounou/Services/CacheService.swift; sourceTree = "<group>"; };
		F0A1B2C3D4E5F60718293A4B /* Logger.swift */ = {isa = PBXFileReference; lastKnownFileType = sourcecode.swift; path = Manounou/Utils/Logger.swift; sourceTree = "<group>"; };
		F8F58B399C76BAC459644DC5 /* SmokeTests.swift */ = {isa = PBXFileReference; includeInIndex = 1; lastKnownFileType = sourcecode.swift; name = SmokeTests.swift; path = ManounouTests/SmokeTests.swift; sourceTree = "<group>"; };
		DD01000000000000000000B1 /* HomeView.swift */ = {isa = PBXFileReference; includeInIndex = 1; lastKnownFileType = sourcecode.swift; name = HomeView.swift; path = Views/Home/HomeView.swift; sourceTree = "<group>"; };
		DD02000000000000000000B2 /* PajemploiView.swift */ = {isa = PBXFileReference; includeInIndex = 1; lastKnownFileType = sourcecode.swift; name = PajemploiView.swift; path = Views/Pajemploi/PajemploiView.swift; sourceTree = "<group>"; };
		DD03000000000000000000B3 /* PajemploiDeclaration.swift */ = {isa = PBXFileReference; includeInIndex = 1; lastKnownFileType = sourcecode.swift; name = PajemploiDeclaration.swift; path = Models/PajemploiDeclaration.swift; sourceTree = "<group>"; };
		DD04000000000000000000B4 /* AddChildSheet.swift */ = {isa = PBXFileReference; includeInIndex = 1; lastKnownFileType = sourcecode.swift; name = AddChildSheet.swift; path = Views/Sheets/AddChildSheet.swift; sourceTree = "<group>"; };
		CC01000000000000000000B1 /* ProfilesService.swift */ = {isa = PBXFileReference; lastKnownFileType = sourcecode.swift; path = Manounou/Services/ProfilesService.swift; sourceTree = "<group>"; };
		CC02000000000000000000B2 /* PlanningScheduleService.swift */ = {isa = PBXFileReference; lastKnownFileType = sourcecode.swift; path = Manounou/Services/PlanningScheduleService.swift; sourceTree = "<group>"; };
		CC03000000000000000000B3 /* HouseholdService.swift */ = {isa = PBXFileReference; lastKnownFileType = sourcecode.swift; path = Manounou/Services/HouseholdService.swift; sourceTree = "<group>"; };
		CC04000000000000000000B4 /* PlansService.swift */ = {isa = PBXFileReference; lastKnownFileType = sourcecode.swift; path = Manounou/Services/PlansService.swift; sourceTree = "<group>"; };
/* End PBXFileReference section */

/* Begin PBXFrameworksBuildPhase section */
		A1234567890123456789014B /* Frameworks */ = {
			isa = PBXFrameworksBuildPhase;
			buildActionMask = 2147483647;
			files = (
				A1234567890123456789017A /* Supabase in Frameworks */,
			);
			runOnlyForDeploymentPostprocessing = 0;
		};
		B1C37D8BE703D4978800BA1D /* Frameworks */ = {
			isa = PBXFrameworksBuildPhase;
			buildActionMask = 2147483647;
			files = (
				14DB14389705B87BAAF668B7 /* Foundation.framework in Frameworks */,
			);
			runOnlyForDeploymentPostprocessing = 0;
		};
/* End PBXFrameworksBuildPhase section */

/* Begin PBXGroup section */
		18095CF67976A1F976743909 /* ManounouTests */ = {
			isa = PBXGroup;
			children = (
				F8F58B399C76BAC459644DC5 /* SmokeTests.swift */,
			);
			name = ManounouTests;
			sourceTree = SOURCE_ROOT;
		};
		A1234567890123456789014C /* Manounou */ = {
			isa = PBXGroup;
			children = (
				A1234567890123456789012B /* ManounouApp.swift */,
				A1234567890123456789012D /* AuthenticationView.swift */,
				A1234567890123456789012F /* MainTabView.swift */,
				A1234567890123456789013B /* AuthManager.swift */,
				A1234567890123456789013D /* Config.swift */,
				DCB8E6B73FE0AF6E3B3C3623 /* OnboardingView.swift */,
				5E7BFF3490B0ABD97225860D /* PlanningView.swift */,
				6A8416F13EB001C3DD89677E /* MessagesView.swift */,
				2D6B814D18679E4184484CD1 /* ModernDocumentsView.swift */,
				6FE778C15A17FF3D7D98A8AA /* ProfileEditSheet.swift */,
				0BEA0000000000000000A001 /* OverlaysView.swift */,
				DD01000000000000000000B1 /* HomeView.swift */,
				DD02000000000000000000B2 /* PajemploiView.swift */,
				DD03000000000000000000B3 /* PajemploiDeclaration.swift */,
				DD04000000000000000000B4 /* AddChildSheet.swift */,
			);
			path = Manounou;
			sourceTree = "<group>";
		};
		A1234567890123456789014D /* Products */ = {
			isa = PBXGroup;
			children = (
				A1234567890123456789014A /* Manounou.app */,
				24517F7365D21CB5418F5230 /* ManounouTests.xctest */,
			);
			name = Products;
			sourceTree = "<group>";
		};
		A1234567890123456789014E = {
			isa = PBXGroup;
			children = (
				A1234567890123456789014C /* Manounou */,
				A1234567890123456789014D /* Products */,
				B219BCBB5A7A7C181033B948 /* Frameworks */,
				18095CF67976A1F976743909 /* ManounouTests */,
			);
			sourceTree = "<group>";
		};
		B219BCBB5A7A7C181033B948 /* Frameworks */ = {
			isa = PBXGroup;
			children = (
				BF9E0B5EE15449C8566935A4 /* iOS */,
			);
			name = Frameworks;
			sourceTree = "<group>";
		};
		BF9E0B5EE15449C8566935A4 /* iOS */ = {
			isa = PBXGroup;
			children = (
				E62604755C7C54F51015EDD6 /* Foundation.framework */,
			);
			name = iOS;
			sourceTree = "<group>";
		};
/* End PBXGroup section */

/* Begin PBXNativeTarget section */
		A1234567890123456789014F /* Manounou */ = {
			isa = PBXNativeTarget;
			buildConfigurationList = A1234567890123456789015A /* Build configuration list for PBXNativeTarget "Manounou" */;
			buildPhases = (
				A1234567890123456789015B /* Sources */,
				A1234567890123456789014B /* Frameworks */,
				A1234567890123456789015C /* Resources */,
			);
			buildRules = (
			);
			dependencies = (
			);
			name = Manounou;
			packageProductDependencies = (
				A1234567890123456789017B /* Supabase */,
			);
			productName = Manounou;
			productReference = A1234567890123456789014A /* Manounou.app */;
			productType = "com.apple.product-type.application";
		};
		F16662BD49FAD2FC68A1FBBA /* ManounouTests */ = {
			isa = PBXNativeTarget;
			buildConfigurationList = 25EDA7C3FEDCD7F42DE217E4 /* Build configuration list for PBXNativeTarget "ManounouTests" */;
			buildPhases = (
				054754A230FB5495E82116D7 /* Sources */,
				B1C37D8BE703D4978800BA1D /* Frameworks */,
				825D31C8EFDE13F3F98A82E8 /* Resources */,
			);
			buildRules = (
			);
			dependencies = (
				9B9A74913A74DBB284BA2F11 /* PBXTargetDependency */,
			);
			name = ManounouTests;
			productName = ManounouTests;
			productReference = 24517F7365D21CB5418F5230 /* ManounouTests.xctest */;
			productType = "com.apple.product-type.bundle.unit-test";
		};
/* End PBXNativeTarget section */

/* Begin PBXProject section */
		A1234567890123456789015D /* Project object */ = {
			isa = PBXProject;
			attributes = {
				BuildIndependentTargetsInParallel = 1;
				LastSwiftUpdateCheck = 1500;
				LastUpgradeCheck = 1640;
				TargetAttributes = {
					A1234567890123456789014F = {
						CreatedOnToolsVersion = 15.0;
					};
				};
			};
			buildConfigurationList = A1234567890123456789015E /* Build configuration list for PBXProject "Manounou" */;
			compatibilityVersion = "Xcode 14.0";
			developmentRegion = en;
			hasScannedForEncodings = 0;
			knownRegions = (
				en,
				Base,
			);
			mainGroup = A1234567890123456789014E;
			packageReferences = (
				A1234567890123456789018A /* XCRemoteSwiftPackageReference "supabase-swift" */,
			);
			productRefGroup = A1234567890123456789014D /* Products */;
			projectDirPath = "";
			projectRoot = "";
			targets = (
				A1234567890123456789014F /* Manounou */,
				F16662BD49FAD2FC68A1FBBA /* ManounouTests */,
			);
		};
/* End PBXProject section */

/* Begin PBXResourcesBuildPhase section */
		825D31C8EFDE13F3F98A82E8 /* Resources */ = {
			isa = PBXResourcesBuildPhase;
			buildActionMask = 2147483647;
			files = (
			);
			runOnlyForDeploymentPostprocessing = 0;
		};
		A1234567890123456789015C /* Resources */ = {
			isa = PBXResourcesBuildPhase;
			buildActionMask = 2147483647;
			files = (
			);
			runOnlyForDeploymentPostprocessing = 0;
		};
/* End PBXResourcesBuildPhase section */

/* Begin PBXSourcesBuildPhase section */
		054754A230FB5495E82116D7 /* Sources */ = {
			isa = PBXSourcesBuildPhase;
			buildActionMask = 2147483647;
			files = (
				1809A09D420325C2663496BB /* SmokeTests.swift in Sources */,
			);
			runOnlyForDeploymentPostprocessing = 0;
		};
		A1234567890123456789015B /* Sources */ = {
			isa = PBXSourcesBuildPhase;
			buildActionMask = 2147483647;
			files = (
				9AC23C1599CB4C42A03957F9 /* DateFormatters.swift in Sources */,
				CFBC6E81D1F64D79A34B02D1 /* SecureConfig.swift in Sources */,
				CEFDBD3A621049E1854982C9 /* ServiceProtocols.swift in Sources */,
				5E8B145A73664974BA65B82E /* EventsService.swift in Sources */,
				F2BA37EEE475441AABEB1BB3 /* AuthService.swift in Sources */,
				01403D4ADB9942FC83FAEF53 /* ChildrenService.swift in Sources */,
				740587052FA7410FB24A7E1C /* DocumentsService.swift in Sources */,
				CE2884557AC545F0A2377954 /* CacheService.swift in Sources */,
				184D22FF391641EF99ABE3BF /* FilterTypes.swift in Sources */,
				C0219D2662014A7E95089A66 /* Document.swift in Sources */,
				E63C83CC80884719B485CE7E /* Child.swift in Sources */,
				4C886F1669F248A4AEF22CEC /* User.swift in Sources */,
				643654AD96B049078D424965 /* UserProfile.swift in Sources */,
				BC2D81A14A184432B9140967 /* Event.swift in Sources */,
				D1FEC8AEE7D74BD2961AAF4D /* Theme.swift in Sources */,
				D9AF8D1FF3354058AD6829F8 /* ErrorHandling.swift in Sources */,
				E4C56AB5106F4959BC5708D5 /* AppContainer.swift in Sources */,
				E85B164584534A9F84971D32 /* LogoView.swift in Sources */,
				A1234567890123456789012A /* ManounouApp.swift in Sources */,
				A1234567890123456789012C /* AuthenticationView.swift in Sources */,
				A1234567890123456789012E /* MainTabView.swift in Sources */,
				4BDFBCE5DA754313AA01BD01 /* ModernMainTabView.swift in Sources */,
				A1234567890123456789013A /* AuthManager.swift in Sources */,
				A1234567890123456789013C /* Config.swift in Sources */,
				F0A1B2C3D4E5F60718293A4C /* Logger.swift in Sources */,
				66F4B4F1A8E580602B676CCD /* OnboardingView.swift in Sources */,
				BB08CFA2ECD41737AC94F3C4 /* PlanningView.swift in Sources */,
				9AA203C3B66C5006556B8C9D /* MessagesView.swift in Sources */,
				E944AC1E9A2029DE2504B9AB /* ModernDocumentsView.swift in Sources */,
				8A4E4F98F2243549F8D69676 /* ProfileEditSheet.swift in Sources */,
				0BEA0000000000000000B001 /* OverlaysView.swift in Sources */,
				DD01000000000000000000A1 /* HomeView.swift in Sources */,
				DD02000000000000000000A2 /* PajemploiView.swift in Sources */,
				DD03000000000000000000A3 /* PajemploiDeclaration.swift in Sources */,
				DD04000000000000000000A4 /* AddChildSheet.swift in Sources */,
				CC01000000000000000000A1 /* ProfilesService.swift in Sources */,
				CC02000000000000000000A2 /* PlanningScheduleService.swift in Sources */,
				CC03000000000000000000A3 /* HouseholdService.swift in Sources */,
				CC04000000000000000000A4 /* PlansService.swift in Sources */,
			);
			runOnlyForDeploymentPostprocessing = 0;
		};
/* End PBXSourcesBuildPhase section */

/* Begin PBXTargetDependency section */
		9B9A74913A74DBB284BA2F11 /* PBXTargetDependency */ = {
			isa = PBXTargetDependency;
			name = Manounou;
			target = A1234567890123456789014F /* Manounou */;
			targetProxy = 37865E6E3444AEC562E0D0B3 /* PBXContainerItemProxy */;
		};
/* End PBXTargetDependency section */

/* Begin XCBuildConfiguration section */
		5A6171128F739DA32FFAA39C /* Debug */ = {
			isa = XCBuildConfiguration;
			buildSettings = {
				BUNDLE_LOADER = "$(TEST_HOST)";
				CLANG_ENABLE_OBJC_WEAK = NO;
				CODE_SIGNING_ALLOWED = NO;
				GENERATE_INFOPLIST_FILE = YES;
				IPHONEOS_DEPLOYMENT_TARGET = 16.0;
				PRODUCT_BUNDLE_IDENTIFIER = com.vametoure.manounou.ManounouTests;
				PRODUCT_NAME = ManounouTests;
				SDKROOT = iphoneos;
				SWIFT_EMIT_LOC_STRINGS = NO;
				SWIFT_VERSION = 5.0;
				TARGETED_DEVICE_FAMILY = "1,2";
				TEST_HOST = "$(BUILT_PRODUCTS_DIR)/Manounou.app/Manounou";
			};
			name = Debug;
		};
		61D8E5D821F8CA767D58E324 /* Release */ = {
			isa = XCBuildConfiguration;
			buildSettings = {
				BUNDLE_LOADER = "$(TEST_HOST)";
				CLANG_ENABLE_OBJC_WEAK = NO;
				CODE_SIGNING_ALLOWED = NO;
				GENERATE_INFOPLIST_FILE = YES;
				IPHONEOS_DEPLOYMENT_TARGET = 16.0;
				PRODUCT_BUNDLE_IDENTIFIER = com.vametoure.manounou.ManounouTests;
				PRODUCT_NAME = ManounouTests;
				SDKROOT = iphoneos;
				SWIFT_EMIT_LOC_STRINGS = NO;
				SWIFT_VERSION = 5.0;
				TARGETED_DEVICE_FAMILY = "1,2";
				TEST_HOST = "$(BUILT_PRODUCTS_DIR)/Manounou.app/Manounou";
				VALIDATE_PRODUCT = YES;
			};
			name = Release;
		};
		A1234567890123456789015F /* Debug */ = {
			isa = XCBuildConfiguration;
			buildSettings = {
				ALWAYS_SEARCH_USER_PATHS = NO;
				ASSETCATALOG_COMPILER_GENERATE_SWIFT_ASSET_SYMBOL_EXTENSIONS = YES;
				ASYNC_COMPILATION_ENABLED = YES;
				CLANG_ANALYZER_NONNULL = YES;
				CLANG_ANALYZER_NUMBER_OBJECT_CONVERSION = YES_AGGRESSIVE;
				CLANG_CXX_LANGUAGE_STANDARD = "gnu++20";
				CLANG_ENABLE_MODULES = YES;
				CLANG_ENABLE_OBJC_ARC = YES;
				CLANG_ENABLE_OBJC_WEAK = YES;
				CLANG_WARN_BLOCK_CAPTURE_AUTORELEASING = YES;
				CLANG_WARN_BOOL_CONVERSION = YES;
				CLANG_WARN_COMMA = YES;
				CLANG_WARN_CONSTANT_CONVERSION = YES;
				CLANG_WARN_DEPRECATED_OBJC_IMPLEMENTATIONS = YES;
				CLANG_WARN_DIRECT_OBJC_ISA_USAGE = YES_ERROR;
				CLANG_WARN_DOCUMENTATION_COMMENTS = YES;
				CLANG_WARN_EMPTY_BODY = YES;
				CLANG_WARN_ENUM_CONVERSION = YES;
				CLANG_WARN_INFINITE_RECURSION = YES;
				CLANG_WARN_INT_CONVERSION = YES;
				CLANG_WARN_NON_LITERAL_NULL_CONVERSION = YES;
				CLANG_WARN_OBJC_IMPLICIT_RETAIN_SELF = YES;
				CLANG_WARN_OBJC_LITERAL_CONVERSION = YES;
				CLANG_WARN_OBJC_ROOT_CLASS = YES_ERROR;
				CLANG_WARN_QUOTED_INCLUDE_IN_FRAMEWORK_HEADER = YES;
				CLANG_WARN_RANGE_LOOP_ANALYSIS = YES;
				CLANG_WARN_STRICT_PROTOTYPES = YES;
				CLANG_WARN_SUSPICIOUS_MOVE = YES;
				CLANG_WARN_UNGUARDED_AVAILABILITY = YES_AGGRESSIVE;
				CLANG_WARN_UNREACHABLE_CODE = YES;
				CLANG_WARN__DUPLICATE_METHOD_MATCH = YES;
				COPY_PHASE_STRIP = NO;
				DEBUG_INFORMATION_FORMAT = dwarf;
				ENABLE_STRICT_OBJC_MSGSEND = YES;
				ENABLE_TESTABILITY = YES;
				ENABLE_USER_SCRIPT_SANDBOXING = YES;
				GCC_C_LANGUAGE_STANDARD = gnu11;
				GCC_DYNAMIC_NO_PIC = NO;
				GCC_NO_COMMON_BLOCKS = YES;
				GCC_OPTIMIZATION_LEVEL = 0;
				GCC_PREPROCESSOR_DEFINITIONS = (
					"DEBUG=1",
					"$(inherited)",
				);
				GCC_WARN_64_TO_32_BIT_CONVERSION = YES;
				GCC_WARN_ABOUT_RETURN_TYPE = YES_ERROR;
				GCC_WARN_UNDECLARED_SELECTOR = YES;
				GCC_WARN_UNINITIALIZED_AUTOS = YES_AGGRESSIVE;
				GCC_WARN_UNUSED_FUNCTION = YES;
				GCC_WARN_UNUSED_VARIABLE = YES;
				INFOPLIST_KEY_UIRequiredDeviceCapabilities = "";
				IPHONEOS_DEPLOYMENT_TARGET = 16.0;
				MTL_ENABLE_DEBUG_INFO = INCLUDE_SOURCE;
				MTL_FAST_MATH = YES;
				ONLY_ACTIVE_ARCH = YES;
				SDKROOT = iphoneos;
				SWIFT_ACTIVE_COMPILATION_CONDITIONS = DEBUG;
				SWIFT_OPTIMIZATION_LEVEL = "-Onone";
			};
			name = Debug;
		};
		A1234567890123456789016A /* Release */ = {
			isa = XCBuildConfiguration;
			buildSettings = {
				ALWAYS_SEARCH_USER_PATHS = NO;
				ASSETCATALOG_COMPILER_GENERATE_SWIFT_ASSET_SYMBOL_EXTENSIONS = YES;
				ASYNC_COMPILATION_ENABLED = YES;
				CLANG_ANALYZER_NONNULL = YES;
				CLANG_ANALYZER_NUMBER_OBJECT_CONVERSION = YES_AGGRESSIVE;
				CLANG_CXX_LANGUAGE_STANDARD = "gnu++20";
				CLANG_ENABLE_MODULES = YES;
				CLANG_ENABLE_OBJC_ARC = YES;
				CLANG_ENABLE_OBJC_WEAK = YES;
				CLANG_WARN_BLOCK_CAPTURE_AUTORELEASING = YES;
				CLANG_WARN_BOOL_CONVERSION = YES;
				CLANG_WARN_COMMA = YES;
				CLANG_WARN_CONSTANT_CONVERSION = YES;
				CLANG_WARN_DEPRECATED_OBJC_IMPLEMENTATIONS = YES;
				CLANG_WARN_DIRECT_OBJC_ISA_USAGE = YES_ERROR;
				CLANG_WARN_DOCUMENTATION_COMMENTS = YES;
				CLANG_WARN_EMPTY_BODY = YES;
				CLANG_WARN_ENUM_CONVERSION = YES;
				CLANG_WARN_INFINITE_RECURSION = YES;
				CLANG_WARN_INT_CONVERSION = YES;
				CLANG_WARN_NON_LITERAL_NULL_CONVERSION = YES;
				CLANG_WARN_OBJC_IMPLICIT_RETAIN_SELF = YES;
				CLANG_WARN_OBJC_LITERAL_CONVERSION = YES;
				CLANG_WARN_OBJC_ROOT_CLASS = YES_ERROR;
				CLANG_WARN_QUOTED_INCLUDE_IN_FRAMEWORK_HEADER = YES;
				CLANG_WARN_RANGE_LOOP_ANALYSIS = YES;
				CLANG_WARN_STRICT_PROTOTYPES = YES;
				CLANG_WARN_SUSPICIOUS_MOVE = YES;
				CLANG_WARN_UNGUARDED_AVAILABILITY = YES_AGGRESSIVE;
				CLANG_WARN_UNREACHABLE_CODE = YES;
				CLANG_WARN__DUPLICATE_METHOD_MATCH = YES;
				COPY_PHASE_STRIP = NO;
				DEBUG_INFORMATION_FORMAT = "dwarf-with-dsym";
				ENABLE_NS_ASSERTIONS = NO;
				ENABLE_STRICT_OBJC_MSGSEND = YES;
				ENABLE_USER_SCRIPT_SANDBOXING = YES;
				GCC_C_LANGUAGE_STANDARD = gnu11;
				GCC_NO_COMMON_BLOCKS = YES;
				GCC_WARN_64_TO_32_BIT_CONVERSION = YES;
				GCC_WARN_ABOUT_RETURN_TYPE = YES_ERROR;
				GCC_WARN_UNDECLARED_SELECTOR = YES;
				GCC_WARN_UNINITIALIZED_AUTOS = YES_AGGRESSIVE;
				GCC_WARN_UNUSED_FUNCTION = YES;
				GCC_WARN_UNUSED_VARIABLE = YES;
				INFOPLIST_KEY_UIRequiredDeviceCapabilities = "";
				IPHONEOS_DEPLOYMENT_TARGET = 16.0;
				MTL_ENABLE_DEBUG_INFO = NO;
				MTL_FAST_MATH = YES;
				SDKROOT = iphoneos;
				SWIFT_COMPILATION_MODE = wholemodule;
				SWIFT_OPTIMIZATION_LEVEL = "-O";
				VALIDATE_PRODUCT = YES;
			};
			name = Release;
		};
		A1234567890123456789016B /* Debug */ = {
			isa = XCBuildConfiguration;
			buildSettings = {
				ASSETCATALOG_COMPILER_APPICON_NAME = AppIcon;
				ASSETCATALOG_COMPILER_GLOBAL_ACCENT_COLOR_NAME = AccentColor;
				CODE_SIGN_IDENTITY = "Apple Development";
				CODE_SIGN_STYLE = Automatic;
				CURRENT_PROJECT_VERSION = 1;
				DEVELOPMENT_ASSET_PATHS = "";
				DEVELOPMENT_TEAM = 3WV6654695;
				ENABLE_PREVIEWS = YES;
				GENERATE_INFOPLIST_FILE = YES;
				INFOPLIST_KEY_NSCameraUsageDescription = "Manounou utilise la caméra pour capturer des documents et des photos.";
				INFOPLIST_KEY_NSPhotoLibraryAddUsageDescription = "Manounou peut enregistrer des images optimisées dans votre photothèque.";
				INFOPLIST_KEY_NSPhotoLibraryUsageDescription = "Manounou a besoin d’accéder à votre photothèque pour sélectionner des documents et des photos.";
				INFOPLIST_KEY_UIApplicationSceneManifest_Generation = YES;
				INFOPLIST_KEY_UIApplicationSupportsIndirectInputEvents = YES;
				INFOPLIST_KEY_UILaunchScreen_Generation = YES;
				INFOPLIST_KEY_UIRequiredDeviceCapabilities = "";
				INFOPLIST_KEY_UISupportedInterfaceOrientations_iPad = "UIInterfaceOrientationPortrait UIInterfaceOrientationPortraitUpsideDown UIInterfaceOrientationLandscapeLeft UIInterfaceOrientationLandscapeRight";
				INFOPLIST_KEY_UISupportedInterfaceOrientations_iPhone = "UIInterfaceOrientationPortrait UIInterfaceOrientationLandscapeLeft UIInterfaceOrientationLandscapeRight";
				LD_RUNPATH_SEARCH_PATHS = (
					"$(inherited)",
					"@executable_path/Frameworks",
				);
				MARKETING_VERSION = 1.0;
				PRODUCT_BUNDLE_IDENTIFIER = com.vametoure.manounou;
				PRODUCT_NAME = "$(TARGET_NAME)";
				PROVISIONING_PROFILE_SPECIFIER = "";
				SWIFT_DISABLE_INCREMENTAL_COMPILATION = YES;
				SWIFT_EMIT_LOC_STRINGS = YES;
				SWIFT_VERSION = 5.0;
				TARGETED_DEVICE_FAMILY = "1,2";
			};
			name = Debug;
		};
		A1234567890123456789016C /* Release */ = {
			isa = XCBuildConfiguration;
			buildSettings = {
				ASSETCATALOG_COMPILER_APPICON_NAME = AppIcon;
				ASSETCATALOG_COMPILER_GLOBAL_ACCENT_COLOR_NAME = AccentColor;
				CODE_SIGN_IDENTITY = "Apple Development";
				CODE_SIGN_STYLE = Automatic;
				CURRENT_PROJECT_VERSION = 1;
				DEVELOPMENT_ASSET_PATHS = "";
				DEVELOPMENT_TEAM = 3WV6654695;
				ENABLE_PREVIEWS = YES;
				GENERATE_INFOPLIST_FILE = YES;
				INFOPLIST_KEY_NSCameraUsageDescription = "Manounou utilise la caméra pour capturer des documents et des photos.";
				INFOPLIST_KEY_NSPhotoLibraryAddUsageDescription = "Manounou peut enregistrer des images optimisées dans votre photothèque.";
				INFOPLIST_KEY_NSPhotoLibraryUsageDescription = "Manounou a besoin d’accéder à votre photothèque pour sélectionner des documents et des photos.";
				INFOPLIST_KEY_UIApplicationSceneManifest_Generation = YES;
				INFOPLIST_KEY_UIApplicationSupportsIndirectInputEvents = YES;
				INFOPLIST_KEY_UILaunchScreen_Generation = YES;
				INFOPLIST_KEY_UIRequiredDeviceCapabilities = "";
				INFOPLIST_KEY_UISupportedInterfaceOrientations_iPad = "UIInterfaceOrientationPortrait UIInterfaceOrientationPortraitUpsideDown UIInterfaceOrientationLandscapeLeft UIInterfaceOrientationLandscapeRight";
				INFOPLIST_KEY_UISupportedInterfaceOrientations_iPhone = "UIInterfaceOrientationPortrait UIInterfaceOrientationLandscapeLeft UIInterfaceOrientationLandscapeRight";
				LD_RUNPATH_SEARCH_PATHS = (
					"$(inherited)",
					"@executable_path/Frameworks",
				);
				MARKETING_VERSION = 1.0;
				PRODUCT_BUNDLE_IDENTIFIER = com.vametoure.manounou;
				PRODUCT_NAME = "$(TARGET_NAME)";
				PROVISIONING_PROFILE_SPECIFIER = "";
				SWIFT_EMIT_LOC_STRINGS = YES;
				SWIFT_VERSION = 5.0;
				TARGETED_DEVICE_FAMILY = "1,2";
			};
			name = Release;
		};
/* End XCBuildConfiguration section */

/* Begin XCConfigurationList section */
		25EDA7C3FEDCD7F42DE217E4 /* Build configuration list for PBXNativeTarget "ManounouTests" */ = {
			isa = XCConfigurationList;
			buildConfigurations = (
				61D8E5D821F8CA767D58E324 /* Release */,
				5A6171128F739DA32FFAA39C /* Debug */,
			);
			defaultConfigurationIsVisible = 0;
			defaultConfigurationName = Release;
		};
		A1234567890123456789015A /* Build configuration list for PBXNativeTarget "Manounou" */ = {
			isa = XCConfigurationList;
			buildConfigurations = (
				A1234567890123456789016B /* Debug */,
				A1234567890123456789016C /* Release */,
			);
			defaultConfigurationIsVisible = 0;
			defaultConfigurationName = Release;
		};
		A1234567890123456789015E /* Build configuration list for PBXProject "Manounou" */ = {
			isa = XCConfigurationList;
			buildConfigurations = (
				A1234567890123456789015F /* Debug */,
				A1234567890123456789016A /* Release */,
			);
			defaultConfigurationIsVisible = 0;
			defaultConfigurationName = Release;
		};
/* End XCConfigurationList section */

/* Begin XCRemoteSwiftPackageReference section */
		A1234567890123456789018A /* XCRemoteSwiftPackageReference "supabase-swift" */ = {
			isa = XCRemoteSwiftPackageReference;
			repositoryURL = "https://github.com/supabase/supabase-swift";
			requirement = {
				kind = upToNextMajorVersion;
				minimumVersion = 2.0.0;
			};
		};
/* End XCRemoteSwiftPackageReference section */

/* Begin XCSwiftPackageProductDependency section */
		A1234567890123456789017B /* Supabase */ = {
			isa = XCSwiftPackageProductDependency;
			package = A1234567890123456789018A /* XCRemoteSwiftPackageReference "supabase-swift" */;
			productName = Supabase;
		};
/* End XCSwiftPackageProductDependency section */
	};
	rootObject = A1234567890123456789015D /* Project object */;
}
