// !$*UTF8*$!
{
	archiveVersion = 1;
	classes = {
	};
	objectVersion = 77;
	objects = {

/* Begin PBXContainerItemProxy section */
		83657F9F2E4DF13D00781EC3 /* PBXContainerItemProxy */ = {
			isa = PBXContainerItemProxy;
			containerPortal = 83657F842E4DF13900781EC3 /* Project object */;
			proxyType = 1;
			remoteGlobalIDString = 83657F8B2E4DF13900781EC3;
			remoteInfo = "manounou-app";
		};
		83657FA92E4DF13D00781EC3 /* PBXContainerItemProxy */ = {
			isa = PBXContainerItemProxy;
			containerPortal = 83657F842E4DF13900781EC3 /* Project object */;
			proxyType = 1;
			remoteGlobalIDString = 83657F8B2E4DF13900781EC3;
			remoteInfo = "manounou-app";
		};
/* End PBXContainerItemProxy section */

/* Begin PBXFileReference section */
		83657F8C2E4DF13900781EC3 /* manounou-app.app */ = {isa = PBXFileReference; explicitFileType = wrapper.application; includeInIndex = 0; path = "manounou-app.app"; sourceTree = BUILT_PRODUCTS_DIR; };
		83657F9E2E4DF13D00781EC3 /* manounou-appTests.xctest */ = {isa = PBXFileReference; explicitFileType = wrapper.cfbundle; includeInIndex = 0; path = "manounou-appTests.xctest"; sourceTree = BUILT_PRODUCTS_DIR; };
		83657FA82E4DF13D00781EC3 /* manounou-appUITests.xctest */ = {isa = PBXFileReference; explicitFileType = wrapper.cfbundle; includeInIndex = 0; path = "manounou-appUITests.xctest"; sourceTree = BUILT_PRODUCTS_DIR; };
/* End PBXFileReference section */

/* Begin PBXFileSystemSynchronizedRootGroup section */
		83657F8E2E4DF13900781EC3 /* manounou-app */ = {
			isa = PBXFileSystemSynchronizedRootGroup;
			path = "manounou-app";
			sourceTree = "<group>";
		};
		83657FA12E4DF13D00781EC3 /* manounou-appTests */ = {
			isa = PBXFileSystemSynchronizedRootGroup;
			path = "manounou-appTests";
			sourceTree = "<group>";
		};
		83657FAB2E4DF13D00781EC3 /* manounou-appUITests */ = {
			isa = PBXFileSystemSynchronizedRootGroup;
			path = "manounou-appUITests";
			sourceTree = "<group>";
		};
/* End PBXFileSystemSynchronizedRootGroup section */

/* Begin PBXFrameworksBuildPhase section */
		83657F892E4DF13900781EC3 /* Frameworks */ = {
			isa = PBXFrameworksBuildPhase;
			buildActionMask = 2147483647;
			files = (
			);
			runOnlyForDeploymentPostprocessing = 0;
		};
		83657F9B2E4DF13D00781EC3 /* Frameworks */ = {
			isa = PBXFrameworksBuildPhase;
			buildActionMask = 2147483647;
			files = (
			);
			runOnlyForDeploymentPostprocessing = 0;
		};
		83657FA52E4DF13D00781EC3 /* Frameworks */ = {
			isa = PBXFrameworksBuildPhase;
			buildActionMask = 2147483647;
			files = (
			);
			runOnlyForDeploymentPostprocessing = 0;
		};
/* End PBXFrameworksBuildPhase section */

/* Begin PBXGroup section */
		83657F832E4DF13900781EC3 = {
			isa = PBXGroup;
			children = (
				83657F8E2E4DF13900781EC3 /* manounou-app */,
				83657FA12E4DF13D00781EC3 /* manounou-appTests */,
				83657FAB2E4DF13D00781EC3 /* manounou-appUITests */,
				83657F8D2E4DF13900781EC3 /* Products */,
			);
			sourceTree = "<group>";
		};
		83657F8D2E4DF13900781EC3 /* Products */ = {
			isa = PBXGroup;
			children = (
				83657F8C2E4DF13900781EC3 /* manounou-app.app */,
				83657F9E2E4DF13D00781EC3 /* manounou-appTests.xctest */,
				83657FA82E4DF13D00781EC3 /* manounou-appUITests.xctest */,
			);
			name = Products;
			sourceTree = "<group>";
		};
/* End PBXGroup section */

/* Begin PBXNativeTarget section */
		83657F8B2E4DF13900781EC3 /* manounou-app */ = {
			isa = PBXNativeTarget;
			buildConfigurationList = 83657FB22E4DF13D00781EC3 /* Build configuration list for PBXNativeTarget "manounou-app" */;
			buildPhases = (
				83657F882E4DF13900781EC3 /* Sources */,
				83657F892E4DF13900781EC3 /* Frameworks */,
				83657F8A2E4DF13900781EC3 /* Resources */,
			);
			buildRules = (
			);
			dependencies = (
			);
			fileSystemSynchronizedGroups = (
				83657F8E2E4DF13900781EC3 /* manounou-app */,
			);
			name = "manounou-app";
			packageProductDependencies = (
			);
			productName = "manounou-app";
			productReference = 83657F8C2E4DF13900781EC3 /* manounou-app.app */;
			productType = "com.apple.product-type.application";
		};
		83657F9D2E4DF13D00781EC3 /* manounou-appTests */ = {
			isa = PBXNativeTarget;
			buildConfigurationList = 83657FB52E4DF13D00781EC3 /* Build configuration list for PBXNativeTarget "manounou-appTests" */;
			buildPhases = (
				83657F9A2E4DF13D00781EC3 /* Sources */,
				83657F9B2E4DF13D00781EC3 /* Frameworks */,
				83657F9C2E4DF13D00781EC3 /* Resources */,
			);
			buildRules = (
			);
			dependencies = (
				83657FA02E4DF13D00781EC3 /* PBXTargetDependency */,
			);
			fileSystemSynchronizedGroups = (
				83657FA12E4DF13D00781EC3 /* manounou-appTests */,
			);
			name = "manounou-appTests";
			packageProductDependencies = (
			);
			productName = "manounou-appTests";
			productReference = 83657F9E2E4DF13D00781EC3 /* manounou-appTests.xctest */;
			productType = "com.apple.product-type.bundle.unit-test";
		};
		83657FA72E4DF13D00781EC3 /* manounou-appUITests */ = {
			isa = PBXNativeTarget;
			buildConfigurationList = 83657FB82E4DF13D00781EC3 /* Build configuration list for PBXNativeTarget "manounou-appUITests" */;
			buildPhases = (
				83657FA42E4DF13D00781EC3 /* Sources */,
				83657FA52E4DF13D00781EC3 /* Frameworks */,
				83657FA62E4DF13D00781EC3 /* Resources */,
			);
			buildRules = (
			);
			dependencies = (
				83657FAA2E4DF13D00781EC3 /* PBXTargetDependency */,
			);
			fileSystemSynchronizedGroups = (
				83657FAB2E4DF13D00781EC3 /* manounou-appUITests */,
			);
			name = "manounou-appUITests";
			packageProductDependencies = (
			);
			productName = "manounou-appUITests";
			productReference = 83657FA82E4DF13D00781EC3 /* manounou-appUITests.xctest */;
			productType = "com.apple.product-type.bundle.ui-testing";
		};
/* End PBXNativeTarget section */

/* Begin PBXProject section */
		83657F842E4DF13900781EC3 /* Project object */ = {
			isa = PBXProject;
			attributes = {
				BuildIndependentTargetsInParallel = 1;
				LastSwiftUpdateCheck = 1640;
				LastUpgradeCheck = 1640;
				TargetAttributes = {
					83657F8B2E4DF13900781EC3 = {
						CreatedOnToolsVersion = 16.4;
					};
					83657F9D2E4DF13D00781EC3 = {
						CreatedOnToolsVersion = 16.4;
						TestTargetID = 83657F8B2E4DF13900781EC3;
					};
					83657FA72E4DF13D00781EC3 = {
						CreatedOnToolsVersion = 16.4;
						TestTargetID = 83657F8B2E4DF13900781EC3;
					};
				};
			};
			buildConfigurationList = 83657F872E4DF13900781EC3 /* Build configuration list for PBXProject "manounou-app" */;
			developmentRegion = en;
			hasScannedForEncodings = 0;
			knownRegions = (
				en,
				Base,
			);
			mainGroup = 83657F832E4DF13900781EC3;
			minimizedProjectReferenceProxies = 1;
			preferredProjectObjectVersion = 77;
			productRefGroup = 83657F8D2E4DF13900781EC3 /* Products */;
			projectDirPath = "";
			projectRoot = "";
			targets = (
				83657F8B2E4DF13900781EC3 /* manounou-app */,
				83657F9D2E4DF13D00781EC3 /* manounou-appTests */,
				83657FA72E4DF13D00781EC3 /* manounou-appUITests */,
			);
		};
/* End PBXProject section */

/* Begin PBXResourcesBuildPhase section */
		83657F8A2E4DF13900781EC3 /* Resources */ = {
			isa = PBXResourcesBuildPhase;
			buildActionMask = 2147483647;
			files = (
			);
			runOnlyForDeploymentPostprocessing = 0;
		};
		83657F9C2E4DF13D00781EC3 /* Resources */ = {
			isa = PBXResourcesBuildPhase;
			buildActionMask = 2147483647;
			files = (
			);
			runOnlyForDeploymentPostprocessing = 0;
		};
		83657FA62E4DF13D00781EC3 /* Resources */ = {
			isa = PBXResourcesBuildPhase;
			buildActionMask = 2147483647;
			files = (
			);
			runOnlyForDeploymentPostprocessing = 0;
		};
/* End PBXResourcesBuildPhase section */

/* Begin PBXSourcesBuildPhase section */
		83657F882E4DF13900781EC3 /* Sources */ = {
			isa = PBXSourcesBuildPhase;
			buildActionMask = 2147483647;
			files = (
			);
			runOnlyForDeploymentPostprocessing = 0;
		};
		83657F9A2E4DF13D00781EC3 /* Sources */ = {
			isa = PBXSourcesBuildPhase;
			buildActionMask = 2147483647;
			files = (
			);
			runOnlyForDeploymentPostprocessing = 0;
		};
		83657FA42E4DF13D00781EC3 /* Sources */ = {
			isa = PBXSourcesBuildPhase;
			buildActionMask = 2147483647;
			files = (
			);
			runOnlyForDeploymentPostprocessing = 0;
		};
/* End PBXSourcesBuildPhase section */

/* Begin PBXTargetDependency section */
		83657FA02E4DF13D00781EC3 /* PBXTargetDependency */ = {
			isa = PBXTargetDependency;
			target = 83657F8B2E4DF13900781EC3 /* manounou-app */;
			targetProxy = 83657F9F2E4DF13D00781EC3 /* PBXContainerItemProxy */;
		};
		83657FAA2E4DF13D00781EC3 /* PBXTargetDependency */ = {
			isa = PBXTargetDependency;
			target = 83657F8B2E4DF13900781EC3 /* manounou-app */;
			targetProxy = 83657FA92E4DF13D00781EC3 /* PBXContainerItemProxy */;
		};
/* End PBXTargetDependency section */

/* Begin XCBuildConfiguration section */
		83657FB02E4DF13D00781EC3 /* Debug */ = {
			isa = XCBuildConfiguration;
			buildSettings = {
				ALWAYS_SEARCH_USER_PATHS = NO;
				ASSETCATALOG_COMPILER_GENERATE_SWIFT_ASSET_SYMBOL_EXTENSIONS = YES;
				CLANG_ANALYZER_NONNULL = YES;
				CLANG_ANALYZER_NUMBER_OBJECT_CONVERSION = YES_AGGRESSIVE;
				CLANG_CXX_LANGUAGE_STANDARD = "gnu++20";
				CLANG_ENABLE_MODULES = YES;
				CLANG_ENABLE_OBJC_ARC = YES;
				CLANG_ENABLE_OBJC_WEAK = YES;
				CLANG_WARN_BLOCK_CAPTURE_AUTORELEASING = YES;
				CLANG_WARN_BOOL_CONVERSION = YES;
				CLANG_WARN_COMMA = YES;
				CLANG_WARN_CONSTANT_CONVERSION = YES;
				CLANG_WARN_DEPRECATED_OBJC_IMPLEMENTATIONS = YES;
				CLANG_WARN_DIRECT_OBJC_ISA_USAGE = YES_ERROR;
				CLANG_WARN_DOCUMENTATION_COMMENTS = YES;
				CLANG_WARN_EMPTY_BODY = YES;
				CLANG_WARN_ENUM_CONVERSION = YES;
				CLANG_WARN_INFINITE_RECURSION = YES;
				CLANG_WARN_INT_CONVERSION = YES;
				CLANG_WARN_NON_LITERAL_NULL_CONVERSION = YES;
				CLANG_WARN_OBJC_IMPLICIT_RETAIN_SELF = YES;
				CLANG_WARN_OBJC_LITERAL_CONVERSION = YES;
				CLANG_WARN_OBJC_ROOT_CLASS = YES_ERROR;
				CLANG_WARN_QUOTED_INCLUDE_IN_FRAMEWORK_HEADER = YES;
				CLANG_WARN_RANGE_LOOP_ANALYSIS = YES;
				CLANG_WARN_STRICT_PROTOTYPES = YES;
				CLANG_WARN_SUSPICIOUS_MOVE = YES;
				CLANG_WARN_UNGUARDED_AVAILABILITY = YES_AGGRESSIVE;
				CLANG_WARN_UNREACHABLE_CODE = YES;
				CLANG_WARN__DUPLICATE_METHOD_MATCH = YES;
				COPY_PHASE_STRIP = NO;
				DEBUG_INFORMATION_FORMAT = dwarf;
				ENABLE_STRICT_OBJC_MSGSEND = YES;
				ENABLE_TESTABILITY = YES;
				ENABLE_USER_SCRIPT_SANDBOXING = YES;
				GCC_C_LANGUAGE_STANDARD = gnu17;
				GCC_DYNAMIC_NO_PIC = NO;
				GCC_NO_COMMON_BLOCKS = YES;
				GCC_OPTIMIZATION_LEVEL = 0;
				GCC_PREPROCESSOR_DEFINITIONS = (
					"DEBUG=1",
					"$(inherited)",
				);
				GCC_WARN_64_TO_32_BIT_CONVERSION = YES;
				GCC_WARN_ABOUT_RETURN_TYPE = YES_ERROR;
				GCC_WARN_UNDECLARED_SELECTOR = YES;
				GCC_WARN_UNINITIALIZED_AUTOS = YES_AGGRESSIVE;
				GCC_WARN_UNUSED_FUNCTION = YES;
				GCC_WARN_UNUSED_VARIABLE = YES;
				IPHONEOS_DEPLOYMENT_TARGET = 18.5;
				LOCALIZATION_PREFERS_STRING_CATALOGS = YES;
				MTL_ENABLE_DEBUG_INFO = INCLUDE_SOURCE;
				MTL_FAST_MATH = YES;
				ONLY_ACTIVE_ARCH = YES;
				SDKROOT = iphoneos;
				SWIFT_ACTIVE_COMPILATION_CONDITIONS = "DEBUG $(inherited)";
				SWIFT_OPTIMIZATION_LEVEL = "-Onone";
			};
			name = Debug;
		};
		83657FB12E4DF13D00781EC3 /* Release */ = {
			isa = XCBuildConfiguration;
			buildSettings = {
				ALWAYS_SEARCH_USER_PATHS = NO;
				ASSETCATALOG_COMPILER_GENERATE_SWIFT_ASSET_SYMBOL_EXTENSIONS = YES;
				CLANG_ANALYZER_NONNULL = YES;
				CLANG_ANALYZER_NUMBER_OBJECT_CONVERSION = YES_AGGRESSIVE;
				CLANG_CXX_LANGUAGE_STANDARD = "gnu++20";
				CLANG_ENABLE_MODULES = YES;
				CLANG_ENABLE_OBJC_ARC = YES;
				CLANG_ENABLE_OBJC_WEAK = YES;
				CLANG_WARN_BLOCK_CAPTURE_AUTORELEASING = YES;
				CLANG_WARN_BOOL_CONVERSION = YES;
				CLANG_WARN_COMMA = YES;
				CLANG_WARN_CONSTANT_CONVERSION = YES;
				CLANG_WARN_DEPRECATED_OBJC_IMPLEMENTATIONS = YES;
				CLANG_WARN_DIRECT_OBJC_ISA_USAGE = YES_ERROR;
				CLANG_WARN_DOCUMENTATION_COMMENTS = YES;
				CLANG_WARN_EMPTY_BODY = YES;
				CLANG_WARN_ENUM_CONVERSION = YES;
				CLANG_WARN_INFINITE_RECURSION = YES;
				CLANG_WARN_INT_CONVERSION = YES;
				CLANG_WARN_NON_LITERAL_NULL_CONVERSION = YES;
				CLANG_WARN_OBJC_IMPLICIT_RETAIN_SELF = YES;
				CLANG_WARN_OBJC_LITERAL_CONVERSION = YES;
				CLANG_WARN_OBJC_ROOT_CLASS = YES_ERROR;
				CLANG_WARN_QUOTED_INCLUDE_IN_FRAMEWORK_HEADER = YES;
				CLANG_WARN_RANGE_LOOP_ANALYSIS = YES;
				CLANG_WARN_STRICT_PROTOTYPES = YES;
				CLANG_WARN_SUSPICIOUS_MOVE = YES;
				CLANG_WARN_UNGUARDED_AVAILABILITY = YES_AGGRESSIVE;
				CLANG_WARN_UNREACHABLE_CODE = YES;
				CLANG_WARN__DUPLICATE_METHOD_MATCH = YES;
				COPY_PHASE_STRIP = NO;
				DEBUG_INFORMATION_FORMAT = "dwarf-with-dsym";
				ENABLE_NS_ASSERTIONS = NO;
				ENABLE_STRICT_OBJC_MSGSEND = YES;
				ENABLE_USER_SCRIPT_SANDBOXING = YES;
				GCC_C_LANGUAGE_STANDARD = gnu17;
				GCC_NO_COMMON_BLOCKS = YES;
				GCC_WARN_64_TO_32_BIT_CONVERSION = YES;
				GCC_WARN_ABOUT_RETURN_TYPE = YES_ERROR;
				GCC_WARN_UNDECLARED_SELECTOR = YES;
				GCC_WARN_UNINITIALIZED_AUTOS = YES_AGGRESSIVE;
				GCC_WARN_UNUSED_FUNCTION = YES;
				GCC_WARN_UNUSED_VARIABLE = YES;
				IPHONEOS_DEPLOYMENT_TARGET = 18.5;
				LOCALIZATION_PREFERS_STRING_CATALOGS = YES;
				MTL_ENABLE_DEBUG_INFO = NO;
				MTL_FAST_MATH = YES;
				SDKROOT = iphoneos;
				SWIFT_COMPILATION_MODE = wholemodule;
				VALIDATE_PRODUCT = YES;
			};
			name = Release;
		};
		83657FB32E4DF13D00781EC3 /* Debug */ = {
			isa = XCBuildConfiguration;
			buildSettings = {
				ASSETCATALOG_COMPILER_APPICON_NAME = AppIcon;
				ASSETCATALOG_COMPILER_GLOBAL_ACCENT_COLOR_NAME = AccentColor;
				CODE_SIGN_STYLE = Automatic;
				CURRENT_PROJECT_VERSION = 1;
				ENABLE_PREVIEWS = YES;
				GENERATE_INFOPLIST_FILE = YES;
				INFOPLIST_KEY_UIApplicationSceneManifest_Generation = YES;
				INFOPLIST_KEY_UIApplicationSupportsIndirectInputEvents = YES;
				INFOPLIST_KEY_UILaunchScreen_Generation = YES;
				INFOPLIST_KEY_UISupportedInterfaceOrientations_iPad = "UIInterfaceOrientationPortrait UIInterfaceOrientationPortraitUpsideDown UIInterfaceOrientationLandscapeLeft UIInterfaceOrientationLandscapeRight";
				INFOPLIST_KEY_UISupportedInterfaceOrientations_iPhone = "UIInterfaceOrientationPortrait UIInterfaceOrientationLandscapeLeft UIInterfaceOrientationLandscapeRight";
				LD_RUNPATH_SEARCH_PATHS = (
					"$(inherited)",
					"@executable_path/Frameworks",
				);
				MARKETING_VERSION = 1.0;
				PRODUCT_BUNDLE_IDENTIFIER = "vametoure.manounou-app";
				PRODUCT_NAME = "$(TARGET_NAME)";
				SWIFT_EMIT_LOC_STRINGS = YES;
				SWIFT_VERSION = 5.0;
				TARGETED_DEVICE_FAMILY = "1,2";
			};
			name = Debug;
		};
		83657FB42E4DF13D00781EC3 /* Release */ = {
			isa = XCBuildConfiguration;
			buildSettings = {
				ASSETCATALOG_COMPILER_APPICON_NAME = AppIcon;
				ASSETCATALOG_COMPILER_GLOBAL_ACCENT_COLOR_NAME = AccentColor;
				CODE_SIGN_STYLE = Automatic;
				CURRENT_PROJECT_VERSION = 1;
				ENABLE_PREVIEWS = YES;
				GENERATE_INFOPLIST_FILE = YES;
				INFOPLIST_KEY_UIApplicationSceneManifest_Generation = YES;
				INFOPLIST_KEY_UIApplicationSupportsIndirectInputEvents = YES;
				INFOPLIST_KEY_UILaunchScreen_Generation = YES;
				INFOPLIST_KEY_UISupportedInterfaceOrientations_iPad = "UIInterfaceOrientationPortrait UIInterfaceOrientationPortraitUpsideDown UIInterfaceOrientationLandscapeLeft UIInterfaceOrientationLandscapeRight";
				INFOPLIST_KEY_UISupportedInterfaceOrientations_iPhone = "UIInterfaceOrientationPortrait UIInterfaceOrientationLandscapeLeft UIInterfaceOrientationLandscapeRight";
				LD_RUNPATH_SEARCH_PATHS = (
					"$(inherited)",
					"@executable_path/Frameworks",
				);
				MARKETING_VERSION = 1.0;
				PRODUCT_BUNDLE_IDENTIFIER = "vametoure.manounou-app";
				PRODUCT_NAME = "$(TARGET_NAME)";
				SWIFT_EMIT_LOC_STRINGS = YES;
				SWIFT_VERSION = 5.0;
				TARGETED_DEVICE_FAMILY = "1,2";
			};
			name = Release;
		};
		83657FB62E4DF13D00781EC3 /* Debug */ = {
			isa = XCBuildConfiguration;
			buildSettings = {
				BUNDLE_LOADER = "$(TEST_HOST)";
				CODE_SIGN_STYLE = Automatic;
				CURRENT_PROJECT_VERSION = 1;
				GENERATE_INFOPLIST_FILE = YES;
				IPHONEOS_DEPLOYMENT_TARGET = 18.5;
				MARKETING_VERSION = 1.0;
				PRODUCT_BUNDLE_IDENTIFIER = "vametoure.manounou-appTests";
				PRODUCT_NAME = "$(TARGET_NAME)";
				SWIFT_EMIT_LOC_STRINGS = NO;
				SWIFT_VERSION = 5.0;
				TARGETED_DEVICE_FAMILY = "1,2";
				TEST_HOST = "$(BUILT_PRODUCTS_DIR)/manounou-app.app/$(BUNDLE_EXECUTABLE_FOLDER_PATH)/manounou-app";
			};
			name = Debug;
		};
		83657FB72E4DF13D00781EC3 /* Release */ = {
			isa = XCBuildConfiguration;
			buildSettings = {
				BUNDLE_LOADER = "$(TEST_HOST)";
				CODE_SIGN_STYLE = Automatic;
				CURRENT_PROJECT_VERSION = 1;
				GENERATE_INFOPLIST_FILE = YES;
				IPHONEOS_DEPLOYMENT_TARGET = 18.5;
				MARKETING_VERSION = 1.0;
				PRODUCT_BUNDLE_IDENTIFIER = "vametoure.manounou-appTests";
				PRODUCT_NAME = "$(TARGET_NAME)";
				SWIFT_EMIT_LOC_STRINGS = NO;
				SWIFT_VERSION = 5.0;
				TARGETED_DEVICE_FAMILY = "1,2";
				TEST_HOST = "$(BUILT_PRODUCTS_DIR)/manounou-app.app/$(BUNDLE_EXECUTABLE_FOLDER_PATH)/manounou-app";
			};
			name = Release;
		};
		83657FB92E4DF13D00781EC3 /* Debug */ = {
			isa = XCBuildConfiguration;
			buildSettings = {
				CODE_SIGN_STYLE = Automatic;
				CURRENT_PROJECT_VERSION = 1;
				GENERATE_INFOPLIST_FILE = YES;
				MARKETING_VERSION = 1.0;
				PRODUCT_BUNDLE_IDENTIFIER = "vametoure.manounou-appUITests";
				PRODUCT_NAME = "$(TARGET_NAME)";
				SWIFT_EMIT_LOC_STRINGS = NO;
				SWIFT_VERSION = 5.0;
				TARGETED_DEVICE_FAMILY = "1,2";
				TEST_TARGET_NAME = "manounou-app";
			};
			name = Debug;
		};
		83657FBA2E4DF13D00781EC3 /* Release */ = {
			isa = XCBuildConfiguration;
			buildSettings = {
				CODE_SIGN_STYLE = Automatic;
				CURRENT_PROJECT_VERSION = 1;
				GENERATE_INFOPLIST_FILE = YES;
				MARKETING_VERSION = 1.0;
				PRODUCT_BUNDLE_IDENTIFIER = "vametoure.manounou-appUITests";
				PRODUCT_NAME = "$(TARGET_NAME)";
				SWIFT_EMIT_LOC_STRINGS = NO;
				SWIFT_VERSION = 5.0;
				TARGETED_DEVICE_FAMILY = "1,2";
				TEST_TARGET_NAME = "manounou-app";
			};
			name = Release;
		};
/* End XCBuildConfiguration section */

/* Begin XCConfigurationList section */
		83657F872E4DF13900781EC3 /* Build configuration list for PBXProject "manounou-app" */ = {
			isa = XCConfigurationList;
			buildConfigurations = (
				83657FB02E4DF13D00781EC3 /* Debug */,
				83657FB12E4DF13D00781EC3 /* Release */,
			);
			defaultConfigurationIsVisible = 0;
			defaultConfigurationName = Release;
		};
		83657FB22E4DF13D00781EC3 /* Build configuration list for PBXNativeTarget "manounou-app" */ = {
			isa = XCConfigurationList;
			buildConfigurations = (
				83657FB32E4DF13D00781EC3 /* Debug */,
				83657FB42E4DF13D00781EC3 /* Release */,
			);
			defaultConfigurationIsVisible = 0;
			defaultConfigurationName = Release;
		};
		83657FB52E4DF13D00781EC3 /* Build configuration list for PBXNativeTarget "manounou-appTests" */ = {
			isa = XCConfigurationList;
			buildConfigurations = (
				83657FB62E4DF13D00781EC3 /* Debug */,
				83657FB72E4DF13D00781EC3 /* Release */,
			);
			defaultConfigurationIsVisible = 0;
			defaultConfigurationName = Release;
		};
		83657FB82E4DF13D00781EC3 /* Build configuration list for PBXNativeTarget "manounou-appUITests" */ = {
			isa = XCConfigurationList;
			buildConfigurations = (
				83657FB92E4DF13D00781EC3 /* Debug */,
				83657FBA2E4DF13D00781EC3 /* Release */,
			);
			defaultConfigurationIsVisible = 0;
			defaultConfigurationName = Release;
		};
/* End XCConfigurationList section */
	};
	rootObject = 83657F842E4DF13900781EC3 /* Project object */;
}
